
Microsoft Visual Studio Solution File, Format Version 12.00
# Visual Studio Version 17
VisualStudioVersion = 17.11.35327.3
MinimumVisualStudioVersion = 10.0.40219.1
Project("{FAE04EC0-301F-11D3-BF4B-00C04F79EFBC}") = "PortalEmpleo.Domain", "PortalEmpleo.Domain\PortalEmpleo.Domain.csproj", "{3E334852-BADD-455B-9A94-CC11F7D37ED3}"
EndProject
Project("{FAE04EC0-301F-11D3-BF4B-00C04F79EFBC}") = "PortalEmpleo.Infraestructure", "PortalEmpleo.Infraestructure\PortalEmpleo.Infraestructure.csproj", "{0BD64668-6A76-4934-9BE6-8A407395ACEA}"
EndProject
Project("{FAE04EC0-301F-11D3-BF4B-00C04F79EFBC}") = "PortalEmpleo.Shared", "PortalEmpleo.Shared\PortalEmpleo.Shared.csproj", "{E9CD29F5-522B-4ABB-83EC-29D3AAA6E7E0}"
EndProject
Project("{FAE04EC0-301F-11D3-BF4B-00C04F79EFBC}") = "PortalEmpleo.Util", "PortalEmpleo.Util\PortalEmpleo.Util.csproj", "{6C616555-2E71-45E1-8FD7-B84BAFDEC0AF}"
EndProject
Project("{FAE04EC0-301F-11D3-BF4B-00C04F79EFBC}") = "PortalEmpleo.WebApi", "PortalEmpleo.WebApi\PortalEmpleo.WebApi.csproj", "{F8E3F62C-AB0C-4D4F-8C6E-59DAA5F621CE}"
EndProject
Project("{FAE04EC0-301F-11D3-BF4B-00C04F79EFBC}") = "PortalEmpleo.WebApp", "PortalEmpleo.WebApp\PortalEmpleo.WebApp.csproj", "{E2BE40D6-CD84-46AC-9E06-FD6D485C33D9}"
EndProject
Global
	GlobalSection(SolutionConfigurationPlatforms) = preSolution
		Debug|Any CPU = Debug|Any CPU
		Release|Any CPU = Release|Any CPU
	EndGlobalSection
	GlobalSection(ProjectConfigurationPlatforms) = postSolution
		{3E334852-BADD-455B-9A94-CC11F7D37ED3}.Debug|Any CPU.ActiveCfg = Debug|Any CPU
		{3E334852-BADD-455B-9A94-CC11F7D37ED3}.Debug|Any CPU.Build.0 = Debug|Any CPU
		{3E334852-BADD-455B-9A94-CC11F7D37ED3}.Release|Any CPU.ActiveCfg = Release|Any CPU
		{3E334852-BADD-455B-9A94-CC11F7D37ED3}.Release|Any CPU.Build.0 = Release|Any CPU
		{0BD64668-6A76-4934-9BE6-8A407395ACEA}.Debug|Any CPU.ActiveCfg = Debug|Any CPU
		{0BD64668-6A76-4934-9BE6-8A407395ACEA}.Debug|Any CPU.Build.0 = Debug|Any CPU
		{0BD64668-6A76-4934-9BE6-8A407395ACEA}.Release|Any CPU.ActiveCfg = Release|Any CPU
		{0BD64668-6A76-4934-9BE6-8A407395ACEA}.Release|Any CPU.Build.0 = Release|Any CPU
		{E9CD29F5-522B-4ABB-83EC-29D3AAA6E7E0}.Debug|Any CPU.ActiveCfg = Debug|Any CPU
		{E9CD29F5-522B-4ABB-83EC-29D3AAA6E7E0}.Debug|Any CPU.Build.0 = Debug|Any CPU
		{E9CD29F5-522B-4ABB-83EC-29D3AAA6E7E0}.Release|Any CPU.ActiveCfg = Release|Any CPU
		{E9CD29F5-522B-4ABB-83EC-29D3AAA6E7E0}.Release|Any CPU.Build.0 = Release|Any CPU
		{6C616555-2E71-45E1-8FD7-B84BAFDEC0AF}.Debug|Any CPU.ActiveCfg = Debug|Any CPU
		{6C616555-2E71-45E1-8FD7-B84BAFDEC0AF}.Debug|Any CPU.Build.0 = Debug|Any CPU
		{6C616555-2E71-45E1-8FD7-B84BAFDEC0AF}.Release|Any CPU.ActiveCfg = Release|Any CPU
		{6C616555-2E71-45E1-8FD7-B84BAFDEC0AF}.Release|Any CPU.Build.0 = Release|Any CPU
		{F8E3F62C-AB0C-4D4F-8C6E-59DAA5F621CE}.Debug|Any CPU.ActiveCfg = Debug|Any CPU
		{F8E3F62C-AB0C-4D4F-8C6E-59DAA5F621CE}.Debug|Any CPU.Build.0 = Debug|Any CPU
		{F8E3F62C-AB0C-4D4F-8C6E-59DAA5F621CE}.Release|Any CPU.ActiveCfg = Release|Any CPU
		{F8E3F62C-AB0C-4D4F-8C6E-59DAA5F621CE}.Release|Any CPU.Build.0 = Release|Any CPU
		{E2BE40D6-CD84-46AC-9E06-FD6D485C33D9}.Debug|Any CPU.ActiveCfg = Debug|Any CPU
		{E2BE40D6-CD84-46AC-9E06-FD6D485C33D9}.Debug|Any CPU.Build.0 = Debug|Any CPU
		{E2BE40D6-CD84-46AC-9E06-FD6D485C33D9}.Release|Any CPU.ActiveCfg = Release|Any CPU
		{E2BE40D6-CD84-46AC-9E06-FD6D485C33D9}.Release|Any CPU.Build.0 = Release|Any CPU
	EndGlobalSection
	GlobalSection(SolutionProperties) = preSolution
		HideSolutionNode = FALSE
	EndGlobalSection
	GlobalSection(ExtensibilityGlobals) = postSolution
		SolutionGuid = {4CAE23FE-F207-4FD9-86BC-F8BF5F167383}
	EndGlobalSection
EndGlobal
